// !$*UTF8*$!
{
	archiveVersion = 1;
	classes = {
	};
	objectVersion = 56;
	objects = {

/* Begin PBXBuildFile section */
		6497FA542A0FF705005E8A3E /* DatabaseHelper.swift in Sources */ = {isa = PBXBuildFile; fileRef = 6497FA532A0FF705005E8A3E /* DatabaseHelper.swift */; };
		6497FA5C2A0FF936005E8A3E /* libsqlite3.tbd in Frameworks */ = {isa = PBXBuildFile; fileRef = 6497FA5B2A0FF936005E8A3E /* libsqlite3.tbd */; };
		A11A75EB2A0B74010044C09E /* HomeScreenViewController.swift in Sources */ = {isa = PBXBuildFile; fileRef = A11A75EA2A0B74010044C09E /* HomeScreenViewController.swift */; };
		A11A75ED2A0B74170044C09E /* AllowanceViewController.swift in Sources */ = {isa = PBXBuildFile; fileRef = A11A75EC2A0B74170044C09E /* AllowanceViewController.swift */; };
		A11A75EF2A0B74320044C09E /* NewPlanViewController.swift in Sources */ = {isa = PBXBuildFile; fileRef = A11A75EE2A0B74320044C09E /* NewPlanViewController.swift */; };
		A11A75F12A0B74490044C09E /* ProfileViewController.swift in Sources */ = {isa = PBXBuildFile; fileRef = A11A75F02A0B74490044C09E /* ProfileViewController.swift */; };
		A122F49A2A08B37B004AA36E /* AppDelegate.swift in Sources */ = {isa = PBXBuildFile; fileRef = A122F4992A08B37B004AA36E /* AppDelegate.swift */; };
		A122F49C2A08B37B004AA36E /* SceneDelegate.swift in Sources */ = {isa = PBXBuildFile; fileRef = A122F49B2A08B37B004AA36E /* SceneDelegate.swift */; };
		A122F49E2A08B37B004AA36E /* ViewController.swift in Sources */ = {isa = PBXBuildFile; fileRef = A122F49D2A08B37B004AA36E /* ViewController.swift */; };
		A122F4A12A08B37B004AA36E /* Main.storyboard in Resources */ = {isa = PBXBuildFile; fileRef = A122F49F2A08B37B004AA36E /* Main.storyboard */; };
		A122F4A32A08B37F004AA36E /* Assets.xcassets in Resources */ = {isa = PBXBuildFile; fileRef = A122F4A22A08B37F004AA36E /* Assets.xcassets */; };
		A122F4A62A08B37F004AA36E /* LaunchScreen.storyboard in Resources */ = {isa = PBXBuildFile; fileRef = A122F4A42A08B37F004AA36E /* LaunchScreen.storyboard */; };
		A1E339032A0DEA1200D3BF77 /* DataStore.swift in Sources */ = {isa = PBXBuildFile; fileRef = A1E339022A0DEA1200D3BF77 /* DataStore.swift */; };
/* End PBXBuildFile section */

/* Begin PBXFileReference section */
		6497FA512A0FF67D005E8A3E /* sqlite-tools-osx-x86-3410200 */ = {isa = PBXFileReference; lastKnownFileType = folder; path = "sqlite-tools-osx-x86-3410200"; sourceTree = "<group>"; };
		6497FA532A0FF705005E8A3E /* DatabaseHelper.swift */ = {isa = PBXFileReference; lastKnownFileType = sourcecode.swift; path = DatabaseHelper.swift; sourceTree = "<group>"; };
		6497FA5B2A0FF936005E8A3E /* libsqlite3.tbd */ = {isa = PBXFileReference; lastKnownFileType = "sourcecode.text-based-dylib-definition"; name = libsqlite3.tbd; path = usr/lib/libsqlite3.tbd; sourceTree = SDKROOT; };
		A11A75EA2A0B74010044C09E /* HomeScreenViewController.swift */ = {isa = PBXFileReference; lastKnownFileType = sourcecode.swift; path = HomeScreenViewController.swift; sourceTree = "<group>"; };
		A11A75EC2A0B74170044C09E /* AllowanceViewController.swift */ = {isa = PBXFileReference; lastKnownFileType = sourcecode.swift; path = AllowanceViewController.swift; sourceTree = "<group>"; };
		A11A75EE2A0B74320044C09E /* NewPlanViewController.swift */ = {isa = PBXFileReference; lastKnownFileType = sourcecode.swift; path = NewPlanViewController.swift; sourceTree = "<group>"; };
		A11A75F02A0B74490044C09E /* ProfileViewController.swift */ = {isa = PBXFileReference; lastKnownFileType = sourcecode.swift; path = ProfileViewController.swift; sourceTree = "<group>"; };
		A122F4962A08B37B004AA36E /* Assignment 3.app */ = {isa = PBXFileReference; explicitFileType = wrapper.application; includeInIndex = 0; name = "Assignment 3.app"; path = "/Users/gracesolibun/Desktop/UTS/UTS_2023_Autumn/Application_Development_in_the_iOS_Environment_41889/Assignment_3/IOS_Assignment_3/build/Debug-iphoneos/Assignment 3.app"; sourceTree = "<absolute>"; };
		A122F4992A08B37B004AA36E /* AppDelegate.swift */ = {isa = PBXFileReference; lastKnownFileType = sourcecode.swift; path = AppDelegate.swift; sourceTree = "<group>"; };
		A122F49B2A08B37B004AA36E /* SceneDelegate.swift */ = {isa = PBXFileReference; lastKnownFileType = sourcecode.swift; path = SceneDelegate.swift; sourceTree = "<group>"; };
		A122F49D2A08B37B004AA36E /* ViewController.swift */ = {isa = PBXFileReference; lastKnownFileType = sourcecode.swift; path = ViewController.swift; sourceTree = "<group>"; };
		A122F4A02A08B37B004AA36E /* Base */ = {isa = PBXFileReference; lastKnownFileType = file.storyboard; name = Base; path = Base.lproj/Main.storyboard; sourceTree = "<group>"; };
		A122F4A22A08B37F004AA36E /* Assets.xcassets */ = {isa = PBXFileReference; lastKnownFileType = folder.assetcatalog; path = Assets.xcassets; sourceTree = "<group>"; };
		A122F4A52A08B37F004AA36E /* Base */ = {isa = PBXFileReference; lastKnownFileType = file.storyboard; name = Base; path = Base.lproj/LaunchScreen.storyboard; sourceTree = "<group>"; };
		A122F4A72A08B37F004AA36E /* Info.plist */ = {isa = PBXFileReference; lastKnownFileType = text.plist.xml; path = Info.plist; sourceTree = "<group>"; };
		A1E339022A0DEA1200D3BF77 /* DataStore.swift */ = {isa = PBXFileReference; lastKnownFileType = sourcecode.swift; path = DataStore.swift; sourceTree = "<group>"; };
/* End PBXFileReference section */

/* Begin PBXFrameworksBuildPhase section */
		A122F4932A08B37B004AA36E /* Frameworks */ = {
			isa = PBXFrameworksBuildPhase;
			buildActionMask = 2147483647;
			files = (
				6497FA5C2A0FF936005E8A3E /* libsqlite3.tbd in Frameworks */,
			);
			runOnlyForDeploymentPostprocessing = 0;
		};
/* End PBXFrameworksBuildPhase section */

/* Begin PBXGroup section */
		6497FA502A0FF67C005E8A3E /* Frameworks */ = {
			isa = PBXGroup;
			children = (
				6497FA5B2A0FF936005E8A3E /* libsqlite3.tbd */,
				6497FA512A0FF67D005E8A3E /* sqlite-tools-osx-x86-3410200 */,
			);
			name = Frameworks;
			sourceTree = "<group>";
		};
		A11A75E72A0B730F0044C09E /* View */ = {
			isa = PBXGroup;
			children = (
				A122F49F2A08B37B004AA36E /* Main.storyboard */,
			);
			path = View;
			sourceTree = "<group>";
		};
		A11A75E82A0B73190044C09E /* Controller */ = {
			isa = PBXGroup;
			children = (
				A122F49D2A08B37B004AA36E /* ViewController.swift */,
				A11A75EA2A0B74010044C09E /* HomeScreenViewController.swift */,
				A11A75EC2A0B74170044C09E /* AllowanceViewController.swift */,
				A11A75EE2A0B74320044C09E /* NewPlanViewController.swift */,
				A11A75F02A0B74490044C09E /* ProfileViewController.swift */,
			);
			path = Controller;
			sourceTree = "<group>";
		};
		A11A75E92A0B732E0044C09E /* Model */ = {
			isa = PBXGroup;
			children = (
			);
			path = Model;
			sourceTree = "<group>";
		};
		A122F48D2A08B37A004AA36E = {
			isa = PBXGroup;
			children = (
				A1E339022A0DEA1200D3BF77 /* DataStore.swift */,
				A122F4982A08B37B004AA36E /* Assignment 3 */,
				6497FA502A0FF67C005E8A3E /* Frameworks */,
			);
			sourceTree = "<group>";
		};
		A122F4982A08B37B004AA36E /* Assignment 3 */ = {
			isa = PBXGroup;
			children = (
				A11A75E92A0B732E0044C09E /* Model */,
				A11A75E82A0B73190044C09E /* Controller */,
				A11A75E72A0B730F0044C09E /* View */,
				A122F4992A08B37B004AA36E /* AppDelegate.swift */,
				A122F49B2A08B37B004AA36E /* SceneDelegate.swift */,
				A122F4A22A08B37F004AA36E /* Assets.xcassets */,
				A122F4A42A08B37F004AA36E /* LaunchScreen.storyboard */,
				A122F4A72A08B37F004AA36E /* Info.plist */,
				6497FA532A0FF705005E8A3E /* DatabaseHelper.swift */,
			);
			path = "Assignment 3";
			sourceTree = "<group>";
		};
/* End PBXGroup section */

/* Begin PBXNativeTarget section */
		A122F4952A08B37B004AA36E /* Assignment 3 */ = {
			isa = PBXNativeTarget;
			buildConfigurationList = A122F4AA2A08B37F004AA36E /* Build configuration list for PBXNativeTarget "Assignment 3" */;
			buildPhases = (
				A122F4922A08B37B004AA36E /* Sources */,
				A122F4932A08B37B004AA36E /* Frameworks */,
				A122F4942A08B37B004AA36E /* Resources */,
			);
			buildRules = (
			);
			dependencies = (
			);
			name = "Assignment 3";
			productName = "Assignment 3";
			productReference = A122F4962A08B37B004AA36E /* Assignment 3.app */;
			productType = "com.apple.product-type.application";
		};
/* End PBXNativeTarget section */

/* Begin PBXProject section */
		A122F48E2A08B37A004AA36E /* Project object */ = {
			isa = PBXProject;
			attributes = {
				BuildIndependentTargetsInParallel = 1;
				LastSwiftUpdateCheck = 1420;
				LastUpgradeCheck = 1420;
				TargetAttributes = {
					A122F4952A08B37B004AA36E = {
						CreatedOnToolsVersion = 14.2;
					};
				};
			};
			buildConfigurationList = A122F4912A08B37A004AA36E /* Build configuration list for PBXProject "Assignment 3" */;
			compatibilityVersion = "Xcode 14.0";
			developmentRegion = en;
			hasScannedForEncodings = 0;
			knownRegions = (
				en,
				Base,
			);
			mainGroup = A122F48D2A08B37A004AA36E;
			productRefGroup = A122F48D2A08B37A004AA36E;
			projectDirPath = "";
			projectRoot = "";
			targets = (
				A122F4952A08B37B004AA36E /* Assignment 3 */,
			);
		};
/* End PBXProject section */

/* Begin PBXResourcesBuildPhase section */
		A122F4942A08B37B004AA36E /* Resources */ = {
			isa = PBXResourcesBuildPhase;
			buildActionMask = 2147483647;
			files = (
				A122F4A62A08B37F004AA36E /* LaunchScreen.storyboard in Resources */,
				A122F4A32A08B37F004AA36E /* Assets.xcassets in Resources */,
				A122F4A12A08B37B004AA36E /* Main.storyboard in Resources */,
			);
			runOnlyForDeploymentPostprocessing = 0;
		};
/* End PBXResourcesBuildPhase section */

/* Begin PBXSourcesBuildPhase section */
		A122F4922A08B37B004AA36E /* Sources */ = {
			isa = PBXSourcesBuildPhase;
			buildActionMask = 2147483647;
			files = (
				A11A75F12A0B74490044C09E /* ProfileViewController.swift in Sources */,
				6497FA542A0FF705005E8A3E /* DatabaseHelper.swift in Sources */,
				A1E339032A0DEA1200D3BF77 /* DataStore.swift in Sources */,
				A122F49E2A08B37B004AA36E /* ViewController.swift in Sources */,
				A11A75EB2A0B74010044C09E /* HomeScreenViewController.swift in Sources */,
				A11A75EF2A0B74320044C09E /* NewPlanViewController.swift in Sources */,
				A11A75ED2A0B74170044C09E /* AllowanceViewController.swift in Sources */,
				A122F49A2A08B37B004AA36E /* AppDelegate.swift in Sources */,
				A122F49C2A08B37B004AA36E /* SceneDelegate.swift in Sources */,
			);
			runOnlyForDeploymentPostprocessing = 0;
		};
/* End PBXSourcesBuildPhase section */

/* Begin PBXVariantGroup section */
		A122F49F2A08B37B004AA36E /* Main.storyboard */ = {
			isa = PBXVariantGroup;
			children = (
				A122F4A02A08B37B004AA36E /* Base */,
			);
			name = Main.storyboard;
			sourceTree = "<group>";
		};
		A122F4A42A08B37F004AA36E /* LaunchScreen.storyboard */ = {
			isa = PBXVariantGroup;
			children = (
				A122F4A52A08B37F004AA36E /* Base */,
			);
			name = LaunchScreen.storyboard;
			sourceTree = "<group>";
		};
/* End PBXVariantGroup section */

/* Begin XCBuildConfiguration section */
		A122F4A82A08B37F004AA36E /* Debug */ = {
			isa = XCBuildConfiguration;
			buildSettings = {
				ALWAYS_SEARCH_USER_PATHS = NO;
				CLANG_ANALYZER_NONNULL = YES;
				CLANG_ANALYZER_NUMBER_OBJECT_CONVERSION = YES_AGGRESSIVE;
				CLANG_CXX_LANGUAGE_STANDARD = "gnu++20";
				CLANG_ENABLE_MODULES = YES;
				CLANG_ENABLE_OBJC_ARC = YES;
				CLANG_ENABLE_OBJC_WEAK = YES;
				CLANG_WARN_BLOCK_CAPTURE_AUTORELEASING = YES;
				CLANG_WARN_BOOL_CONVERSION = YES;
				CLANG_WARN_COMMA = YES;
				CLANG_WARN_CONSTANT_CONVERSION = YES;
				CLANG_WARN_DEPRECATED_OBJC_IMPLEMENTATIONS = YES;
				CLANG_WARN_DIRECT_OBJC_ISA_USAGE = YES_ERROR;
				CLANG_WARN_DOCUMENTATION_COMMENTS = YES;
				CLANG_WARN_EMPTY_BODY = YES;
				CLANG_WARN_ENUM_CONVERSION = YES;
				CLANG_WARN_INFINITE_RECURSION = YES;
				CLANG_WARN_INT_CONVERSION = YES;
				CLANG_WARN_NON_LITERAL_NULL_CONVERSION = YES;
				CLANG_WARN_OBJC_IMPLICIT_RETAIN_SELF = YES;
				CLANG_WARN_OBJC_LITERAL_CONVERSION = YES;
				CLANG_WARN_OBJC_ROOT_CLASS = YES_ERROR;
				CLANG_WARN_QUOTED_INCLUDE_IN_FRAMEWORK_HEADER = YES;
				CLANG_WARN_RANGE_LOOP_ANALYSIS = YES;
				CLANG_WARN_STRICT_PROTOTYPES = YES;
				CLANG_WARN_SUSPICIOUS_MOVE = YES;
				CLANG_WARN_UNGUARDED_AVAILABILITY = YES_AGGRESSIVE;
				CLANG_WARN_UNREACHABLE_CODE = YES;
				CLANG_WARN__DUPLICATE_METHOD_MATCH = YES;
				COPY_PHASE_STRIP = NO;
				DEBUG_INFORMATION_FORMAT = dwarf;
				ENABLE_STRICT_OBJC_MSGSEND = YES;
				ENABLE_TESTABILITY = YES;
				GCC_C_LANGUAGE_STANDARD = gnu11;
				GCC_DYNAMIC_NO_PIC = NO;
				GCC_NO_COMMON_BLOCKS = YES;
				GCC_OPTIMIZATION_LEVEL = 0;
				GCC_PREPROCESSOR_DEFINITIONS = (
					"DEBUG=1",
					"$(inherited)",
				);
				GCC_WARN_64_TO_32_BIT_CONVERSION = YES;
				GCC_WARN_ABOUT_RETURN_TYPE = YES_ERROR;
				GCC_WARN_UNDECLARED_SELECTOR = YES;
				GCC_WARN_UNINITIALIZED_AUTOS = YES_AGGRESSIVE;
				GCC_WARN_UNUSED_FUNCTION = YES;
				GCC_WARN_UNUSED_VARIABLE = YES;
				IPHONEOS_DEPLOYMENT_TARGET = 16.2;
				MTL_ENABLE_DEBUG_INFO = INCLUDE_SOURCE;
				MTL_FAST_MATH = YES;
				ONLY_ACTIVE_ARCH = YES;
				SDKROOT = iphoneos;
				SWIFT_ACTIVE_COMPILATION_CONDITIONS = DEBUG;
				SWIFT_OPTIMIZATION_LEVEL = "-Onone";
			};
			name = Debug;
		};
		A122F4A92A08B37F004AA36E /* Release */ = {
			isa = XCBuildConfiguration;
			buildSettings = {
				ALWAYS_SEARCH_USER_PATHS = NO;
				CLANG_ANALYZER_NONNULL = YES;
				CLANG_ANALYZER_NUMBER_OBJECT_CONVERSION = YES_AGGRESSIVE;
				CLANG_CXX_LANGUAGE_STANDARD = "gnu++20";
				CLANG_ENABLE_MODULES = YES;
				CLANG_ENABLE_OBJC_ARC = YES;
				CLANG_ENABLE_OBJC_WEAK = YES;
				CLANG_WARN_BLOCK_CAPTURE_AUTORELEASING = YES;
				CLANG_WARN_BOOL_CONVERSION = YES;
				CLANG_WARN_COMMA = YES;
				CLANG_WARN_CONSTANT_CONVERSION = YES;
				CLANG_WARN_DEPRECATED_OBJC_IMPLEMENTATIONS = YES;
				CLANG_WARN_DIRECT_OBJC_ISA_USAGE = YES_ERROR;
				CLANG_WARN_DOCUMENTATION_COMMENTS = YES;
				CLANG_WARN_EMPTY_BODY = YES;
				CLANG_WARN_ENUM_CONVERSION = YES;
				CLANG_WARN_INFINITE_RECURSION = YES;
				CLANG_WARN_INT_CONVERSION = YES;
				CLANG_WARN_NON_LITERAL_NULL_CONVERSION = YES;
				CLANG_WARN_OBJC_IMPLICIT_RETAIN_SELF = YES;
				CLANG_WARN_OBJC_LITERAL_CONVERSION = YES;
				CLANG_WARN_OBJC_ROOT_CLASS = YES_ERROR;
				CLANG_WARN_QUOTED_INCLUDE_IN_FRAMEWORK_HEADER = YES;
				CLANG_WARN_RANGE_LOOP_ANALYSIS = YES;
				CLANG_WARN_STRICT_PROTOTYPES = YES;
				CLANG_WARN_SUSPICIOUS_MOVE = YES;
				CLANG_WARN_UNGUARDED_AVAILABILITY = YES_AGGRESSIVE;
				CLANG_WARN_UNREACHABLE_CODE = YES;
				CLANG_WARN__DUPLICATE_METHOD_MATCH = YES;
				COPY_PHASE_STRIP = NO;
				DEBUG_INFORMATION_FORMAT = "dwarf-with-dsym";
				ENABLE_NS_ASSERTIONS = NO;
				ENABLE_STRICT_OBJC_MSGSEND = YES;
				GCC_C_LANGUAGE_STANDARD = gnu11;
				GCC_NO_COMMON_BLOCKS = YES;
				GCC_WARN_64_TO_32_BIT_CONVERSION = YES;
				GCC_WARN_ABOUT_RETURN_TYPE = YES_ERROR;
				GCC_WARN_UNDECLARED_SELECTOR = YES;
				GCC_WARN_UNINITIALIZED_AUTOS = YES_AGGRESSIVE;
				GCC_WARN_UNUSED_FUNCTION = YES;
				GCC_WARN_UNUSED_VARIABLE = YES;
				IPHONEOS_DEPLOYMENT_TARGET = 16.2;
				MTL_ENABLE_DEBUG_INFO = NO;
				MTL_FAST_MATH = YES;
				SDKROOT = iphoneos;
				SWIFT_COMPILATION_MODE = wholemodule;
				SWIFT_OPTIMIZATION_LEVEL = "-O";
				VALIDATE_PRODUCT = YES;
			};
			name = Release;
		};
		A122F4AB2A08B37F004AA36E /* Debug */ = {
			isa = XCBuildConfiguration;
			buildSettings = {
				ASSETCATALOG_COMPILER_APPICON_NAME = AppIcon;
				ASSETCATALOG_COMPILER_GLOBAL_ACCENT_COLOR_NAME = AccentColor;
				CODE_SIGN_STYLE = Automatic;
				CURRENT_PROJECT_VERSION = 1;
				DEVELOPMENT_TEAM = 7CX7Y4R6D7;
				GENERATE_INFOPLIST_FILE = YES;
				INFOPLIST_FILE = "Assignment 3/Info.plist";
				INFOPLIST_KEY_UIApplicationSupportsIndirectInputEvents = YES;
				INFOPLIST_KEY_UILaunchStoryboardName = LaunchScreen;
				INFOPLIST_KEY_UIMainStoryboardFile = Main;
				INFOPLIST_KEY_UISupportedInterfaceOrientations_iPad = "UIInterfaceOrientationPortrait UIInterfaceOrientationPortraitUpsideDown UIInterfaceOrientationLandscapeLeft UIInterfaceOrientationLandscapeRight";
				INFOPLIST_KEY_UISupportedInterfaceOrientations_iPhone = "UIInterfaceOrientationPortrait UIInterfaceOrientationLandscapeLeft UIInterfaceOrientationLandscapeRight";
				IPHONEOS_DEPLOYMENT_TARGET = 15.2;
				LD_RUNPATH_SEARCH_PATHS = (
					"$(inherited)",
					"@executable_path/Frameworks",
				);
				MARKETING_VERSION = 1.0;
				PRODUCT_BUNDLE_IDENTIFIER = "organization.Assignment-3";
				PRODUCT_NAME = "$(TARGET_NAME)";
				SWIFT_EMIT_LOC_STRINGS = YES;
				SWIFT_VERSION = 5.0;
				TARGETED_DEVICE_FAMILY = "1,2";
			};
			name = Debug;
		};
		A122F4AC2A08B37F004AA36E /* Release */ = {
			isa = XCBuildConfiguration;
			buildSettings = {
				ASSETCATALOG_COMPILER_APPICON_NAME = AppIcon;
				ASSETCATALOG_COMPILER_GLOBAL_ACCENT_COLOR_NAME = AccentColor;
				CODE_SIGN_STYLE = Automatic;
				CURRENT_PROJECT_VERSION = 1;
				DEVELOPMENT_TEAM = 7CX7Y4R6D7;
				GENERATE_INFOPLIST_FILE = YES;
				INFOPLIST_FILE = "Assignment 3/Info.plist";
				INFOPLIST_KEY_UIApplicationSupportsIndirectInputEvents = YES;
				INFOPLIST_KEY_UILaunchStoryboardName = LaunchScreen;
				INFOPLIST_KEY_UIMainStoryboardFile = Main;
				INFOPLIST_KEY_UISupportedInterfaceOrientations_iPad = "UIInterfaceOrientationPortrait UIInterfaceOrientationPortraitUpsideDown UIInterfaceOrientationLandscapeLeft UIInterfaceOrientationLandscapeRight";
				INFOPLIST_KEY_UISupportedInterfaceOrientations_iPhone = "UIInterfaceOrientationPortrait UIInterfaceOrientationLandscapeLeft UIInterfaceOrientationLandscapeRight";
				IPHONEOS_DEPLOYMENT_TARGET = 15.2;
				LD_RUNPATH_SEARCH_PATHS = (
					"$(inherited)",
					"@executable_path/Frameworks",
				);
				MARKETING_VERSION = 1.0;
				PRODUCT_BUNDLE_IDENTIFIER = "organization.Assignment-3";
				PRODUCT_NAME = "$(TARGET_NAME)";
				SWIFT_EMIT_LOC_STRINGS = YES;
				SWIFT_VERSION = 5.0;
				TARGETED_DEVICE_FAMILY = "1,2";
			};
			name = Release;
		};
/* End XCBuildConfiguration section */

/* Begin XCConfigurationList section */
		A122F4912A08B37A004AA36E /* Build configuration list for PBXProject "Assignment 3" */ = {
			isa = XCConfigurationList;
			buildConfigurations = (
				A122F4A82A08B37F004AA36E /* Debug */,
				A122F4A92A08B37F004AA36E /* Release */,
			);
			defaultConfigurationIsVisible = 0;
			defaultConfigurationName = Release;
		};
		A122F4AA2A08B37F004AA36E /* Build configuration list for PBXNativeTarget "Assignment 3" */ = {
			isa = XCConfigurationList;
			buildConfigurations = (
				A122F4AB2A08B37F004AA36E /* Debug */,
				A122F4AC2A08B37F004AA36E /* Release */,
			);
			defaultConfigurationIsVisible = 0;
			defaultConfigurationName = Release;
		};
/* End XCConfigurationList section */
	};
	rootObject = A122F48E2A08B37A004AA36E /* Project object */;
}
